
Microsoft Visual Studio Solution File, Format Version 12.00
# Visual Studio Version 17
VisualStudioVersion = 17.10.35027.167
MinimumVisualStudioVersion = 10.0.40219.1
Project("{FAE04EC0-301F-11D3-BF4B-00C04F79EFBC}") = "InterviewAlgorithms", "InterviewAlgorithms.csproj", "{3F4C1268-025D-4790-970B-2B245C826957}"
EndProject
Global
	GlobalSection(SolutionConfigurationPlatforms) = preSolution
		Debug|Any CPU = Debug|Any CPU
		Release|Any CPU = Release|Any CPU
	EndGlobalSection
	GlobalSection(ProjectConfigurationPlatforms) = postSolution
		{3F4C1268-025D-4790-970B-2B245C826957}.Debug|Any CPU.ActiveCfg = Debug|Any CPU
		{3F4C1268-025D-4790-970B-2B245C826957}.Debug|Any CPU.Build.0 = Debug|Any CPU
		{3F4C1268-025D-4790-970B-2B245C826957}.Release|Any CPU.ActiveCfg = Release|Any CPU
		{3F4C1268-025D-4790-970B-2B245C826957}.Release|Any CPU.Build.0 = Release|Any CPU
	EndGlobalSection
	GlobalSection(SolutionProperties) = preSolution
		HideSolutionNode = FALSE
	EndGlobalSection
	GlobalSection(ExtensibilityGlobals) = postSolution
		SolutionGuid = {56616906-504D-4E23-8BD9-08282B2D0088}
	EndGlobalSection
EndGlobal
